Microsoft Visual Studio Solution File, Format Version 12.00
# Visual Studio Version 17
VisualStudioVersion = 17.5.2.0
MinimumVisualStudioVersion = 10.0.40219.1
Project("{FAE04EC0-301F-11D3-BF4B-00C04F79EFBC}") = "tweeter", "tweeter.csproj", "{08351944-0A76-6520-26F2-7F0AEFDA99CE}"
EndProject
Global
	GlobalSection(SolutionConfigurationPlatforms) = preSolution
		Debug|Any CPU = Debug|Any CPU
		Release|Any CPU = Release|Any CPU
	EndGlobalSection
	GlobalSection(ProjectConfigurationPlatforms) = postSolution
		{08351944-0A76-6520-26F2-7F0AEFDA99CE}.Debug|Any CPU.ActiveCfg = Debug|Any CPU
		{08351944-0A76-6520-26F2-7F0AEFDA99CE}.Debug|Any CPU.Build.0 = Debug|Any CPU
		{08351944-0A76-6520-26F2-7F0AEFDA99CE}.Release|Any CPU.ActiveCfg = Release|Any CPU
		{08351944-0A76-6520-26F2-7F0AEFDA99CE}.Release|Any CPU.Build.0 = Release|Any CPU
	EndGlobalSection
	GlobalSection(SolutionProperties) = preSolution
		HideSolutionNode = FALSE
	EndGlobalSection
	GlobalSection(ExtensibilityGlobals) = postSolution
		SolutionGuid = {78DA3036-1507-4C06-BB65-892D9EA4EBD1}
	EndGlobalSection
EndGlobal
